<?xml version="1.0" encoding="utf-8"?>
<Project ToolsVersion="4.0" xmlns="http://schemas.microsoft.com/developer/msbuild/2003">
  <ItemGroup>
    <Filter Include="Battle">
      <UniqueIdentifier>{b13db63c-d2d9-422e-bfdf-e77c6946f315}</UniqueIdentifier>
    </Filter>
    <Filter Include="BeforeGame">
      <UniqueIdentifier>{200aa037-11cb-4a68-89f9-d8603c488c29}</UniqueIdentifier>
    </Filter>
    <Filter Include="Chat">
      <UniqueIdentifier>{a081a62c-2aa7-4ff7-bcc2-89afd2d72ead}</UniqueIdentifier>
    </Filter>
    <Filter Include="Common">
      <UniqueIdentifier>{e284ba3b-450f-486c-a18c-6d101c7c3923}</UniqueIdentifier>
    </Filter>
    <Filter Include="Drama">
      <UniqueIdentifier>{2a02dc7f-d562-4f7e-959a-ba42b8ec1689}</UniqueIdentifier>
    </Filter>
    <Filter Include="GameData">
      <UniqueIdentifier>{18800fe9-1565-4b90-bbea-77a743a10252}</UniqueIdentifier>
    </Filter>
    <Filter Include="GameScene">
      <UniqueIdentifier>{98de67b1-3980-433b-a42f-579ef3a5ae95}</UniqueIdentifier>
    </Filter>
    <Filter Include="Item">
      <UniqueIdentifier>{149f47d8-e4a3-4581-8d94-83572aacbbd4}</UniqueIdentifier>
    </Filter>
    <Filter Include="Map&amp;Role">
      <UniqueIdentifier>{012edf89-5710-4ec2-867e-47256fbc433a}</UniqueIdentifier>
    </Filter>
    <Filter Include="Script">
      <UniqueIdentifier>{a1d982ae-2d1f-43a4-a1b3-254c9302b9cf}</UniqueIdentifier>
    </Filter>
    <Filter Include="UICommon">
      <UniqueIdentifier>{fcca6ea6-a80c-4ff1-a9e5-af3886851bbe}</UniqueIdentifier>
    </Filter>
    <Filter Include="Battle\inc">
      <UniqueIdentifier>{9fe149b7-a371-4137-a9e7-eae0ae21ce6c}</UniqueIdentifier>
    </Filter>
    <Filter Include="BeforeGame\inc">
      <UniqueIdentifier>{ad5d0eb6-7de7-42e9-ab2a-40c4b9b90100}</UniqueIdentifier>
    </Filter>
    <Filter Include="Chat\inc">
      <UniqueIdentifier>{aaab6e4c-711e-4eb4-9e2b-1a41431f8968}</UniqueIdentifier>
    </Filter>
    <Filter Include="Common\inc">
      <UniqueIdentifier>{6ab6f27c-18a0-4b45-bfb1-fcedb9569d14}</UniqueIdentifier>
    </Filter>
    <Filter Include="Drama\inc">
      <UniqueIdentifier>{32cc4c60-4020-45cc-bf5d-54d696e9a038}</UniqueIdentifier>
    </Filter>
    <Filter Include="GameData\inc">
      <UniqueIdentifier>{d753bd87-474b-470d-9c73-c6a665787f21}</UniqueIdentifier>
    </Filter>
    <Filter Include="GameScene\inc">
      <UniqueIdentifier>{d6abd745-5a54-435a-a64d-83cec4893faa}</UniqueIdentifier>
    </Filter>
    <Filter Include="Item\inc">
      <UniqueIdentifier>{6ec32598-98f3-48fd-9e5e-513ef63f2224}</UniqueIdentifier>
    </Filter>
    <Filter Include="Map&amp;Role\inc">
      <UniqueIdentifier>{806d5a81-57ea-4027-bd21-ada83156ce51}</UniqueIdentifier>
    </Filter>
    <Filter Include="Script\inc">
      <UniqueIdentifier>{983147ef-0d92-495f-bb3b-c9bf39e5cf27}</UniqueIdentifier>
    </Filter>
    <Filter Include="UICommon\inc">
      <UniqueIdentifier>{19cd2819-2942-40c0-a888-cc5589778584}</UniqueIdentifier>
    </Filter>
    <Filter Include="Chat\src">
      <UniqueIdentifier>{1337c6b4-78ec-415a-8094-89f084c43569}</UniqueIdentifier>
    </Filter>
    <Filter Include="Common\src">
      <UniqueIdentifier>{e7b7ba14-6e13-4a24-bde9-b412eea51204}</UniqueIdentifier>
    </Filter>
    <Filter Include="Drama\src">
      <UniqueIdentifier>{104371d2-d01a-4b1c-9d68-d06a50a9ed25}</UniqueIdentifier>
    </Filter>
    <Filter Include="GameData\src">
      <UniqueIdentifier>{8ffe6fb5-e79a-4efb-901d-829e950ed36a}</UniqueIdentifier>
    </Filter>
    <Filter Include="GameScene\src">
      <UniqueIdentifier>{f7bb7824-38cb-47c9-8dda-34b36dcb2aef}</UniqueIdentifier>
    </Filter>
    <Filter Include="Item\src">
      <UniqueIdentifier>{be2aeaf3-a499-4d9c-ab7b-402f9258b8ea}</UniqueIdentifier>
    </Filter>
    <Filter Include="Map&amp;Role\src">
      <UniqueIdentifier>{053b3235-8bd5-4c38-99a1-bd4365795804}</UniqueIdentifier>
    </Filter>
    <Filter Include="Script\src">
      <UniqueIdentifier>{bb60c148-a437-4348-b389-a14f38680c2e}</UniqueIdentifier>
    </Filter>
    <Filter Include="UICommon\src">
      <UniqueIdentifier>{b8184fe3-5ca7-4f10-a4a0-145f64087b67}</UniqueIdentifier>
    </Filter>
    <Filter Include="BeforeGame\src">
      <UniqueIdentifier>{520cb3cc-63ef-4076-af4e-922d97329cd6}</UniqueIdentifier>
    </Filter>
    <Filter Include="Battle\src">
      <UniqueIdentifier>{db0fae77-3a02-440a-b288-e2be8ef74a7e}</UniqueIdentifier>
    </Filter>
  </ItemGroup>
  <ItemGroup>
    <ClInclude Include="..\Battle\inc\Battle.h">
      <Filter>Battle\inc</Filter>
    </ClInclude>
    <ClInclude Include="..\Battle\inc\BattleMgr.h">
      <Filter>Battle\inc</Filter>
    </ClInclude>
    <ClInclude Include="..\Battle\inc\BattleSkill.h">
      <Filter>Battle\inc</Filter>
    </ClInclude>
    <ClInclude Include="..\Battle\inc\BattleUtil.h">
      <Filter>Battle\inc</Filter>
    </ClInclude>
    <ClInclude Include="..\Battle\inc\Fighter.h">
      <Filter>Battle\inc</Filter>
    </ClInclude>
    <ClInclude Include="..\Battle\inc\Hurt.h">
      <Filter>Battle\inc</Filter>
    </ClInclude>
    <ClInclude Include="..\Battle\inc\NDEraseInOutEffect.h">
      <Filter>Battle\inc</Filter>
    </ClInclude>
    <ClInclude Include="..\Battle\inc\StatusDialog.h">
      <Filter>Battle\inc</Filter>
    </ClInclude>
    <ClInclude Include="..\BeforeGame\inc\NDBeforeGameMgr.h">
      <Filter>BeforeGame\inc</Filter>
    </ClInclude>
    <ClInclude Include="..\Chat\inc\ChatManager.h">
      <Filter>Chat\inc</Filter>
    </ClInclude>
    <ClInclude Include="..\Common\inc\EnumDef.h">
      <Filter>Common\inc</Filter>
    </ClInclude>
    <ClInclude Include="..\Common\inc\globaldef.h">
      <Filter>Common\inc</Filter>
    </ClInclude>
    <ClInclude Include="..\Common\inc\NDLocalization.h">
      <Filter>Common\inc</Filter>
    </ClInclude>
    <ClInclude Include="..\Common\inc\NDLocalXmlString.h">
      <Filter>Common\inc</Filter>
    </ClInclude>
    <ClInclude Include="..\Common\inc\NDUtility.h">
      <Filter>Common\inc</Filter>
    </ClInclude>
    <ClInclude Include="..\Common\inc\TableDef.h">
      <Filter>Common\inc</Filter>
    </ClInclude>
    <ClInclude Include="..\Drama\inc\Drama.h">
      <Filter>Drama\inc</Filter>
    </ClInclude>
    <ClInclude Include="..\Drama\inc\DramaCommand.h">
      <Filter>Drama\inc</Filter>
    </ClInclude>
    <ClInclude Include="..\Drama\inc\DramaCommandBase.h">
      <Filter>Drama\inc</Filter>
    </ClInclude>
    <ClInclude Include="..\Drama\inc\DramaDef.h">
      <Filter>Drama\inc</Filter>
    </ClInclude>
    <ClInclude Include="..\Drama\inc\DramaScene.h">
      <Filter>Drama\inc</Filter>
    </ClInclude>
    <ClInclude Include="..\Drama\inc\DramaTransitionScene.h">
      <Filter>Drama\inc</Filter>
    </ClInclude>
    <ClInclude Include="..\Drama\inc\DramaUI.h">
      <Filter>Drama\inc</Filter>
    </ClInclude>
    <ClInclude Include="..\GameData\inc\GameData.h">
      <Filter>GameData\inc</Filter>
    </ClInclude>
    <ClInclude Include="..\GameData\inc\GameDataBase.h">
      <Filter>GameData\inc</Filter>
    </ClInclude>
    <ClInclude Include="..\GameScene\inc\SMBattleScene.h">
      <Filter>GameScene\inc</Filter>
    </ClInclude>
    <ClInclude Include="..\GameScene\inc\SMGameScene.h">
      <Filter>GameScene\inc</Filter>
    </ClInclude>
    <ClInclude Include="..\GameScene\inc\SMLoginScene.h">
      <Filter>GameScene\inc</Filter>
    </ClInclude>
    <ClInclude Include="..\GameScene\inc\WorldMapScene.h">
      <Filter>GameScene\inc</Filter>
    </ClInclude>
    <ClInclude Include="..\Item\inc\ItemImage.h">
      <Filter>Item\inc</Filter>
    </ClInclude>
    <ClInclude Include="..\Item\inc\ItemUtil.h">
      <Filter>Item\inc</Filter>
    </ClInclude>
    <ClInclude Include="..\Map&amp;Role\inc\AnimationList.h">
      <Filter>Map&amp;Role\inc</Filter>
    </ClInclude>
    <ClInclude Include="..\Map&amp;Role\inc\AutoPathTip.h">
      <Filter>Map&amp;Role\inc</Filter>
    </ClInclude>
    <ClInclude Include="..\Map&amp;Role\inc\NDBaseRole.h">
      <Filter>Map&amp;Role\inc</Filter>
    </ClInclude>
    <ClInclude Include="..\Map&amp;Role\inc\NDManualRole.h">
      <Filter>Map&amp;Role\inc</Filter>
    </ClInclude>
    <ClInclude Include="..\Map&amp;Role\inc\NDMapLayerLogic.h">
      <Filter>Map&amp;Role\inc</Filter>
    </ClInclude>
    <ClInclude Include="..\Map&amp;Role\inc\NDMapMgr.h">
      <Filter>Map&amp;Role\inc</Filter>
    </ClInclude>
    <ClInclude Include="..\Map&amp;Role\inc\NDMonster.h">
      <Filter>Map&amp;Role\inc</Filter>
    </ClInclude>
    <ClInclude Include="..\Map&amp;Role\inc\NDNpc.h">
      <Filter>Map&amp;Role\inc</Filter>
    </ClInclude>
    <ClInclude Include="..\Map&amp;Role\inc\NDPlayer.h">
      <Filter>Map&amp;Role\inc</Filter>
    </ClInclude>
    <ClInclude Include="..\Script\Inc\ScriptCommon.h">
      <Filter>Script\inc</Filter>
    </ClInclude>
    <ClInclude Include="..\Script\Inc\ScriptDataBase.h">
      <Filter>Script\inc</Filter>
    </ClInclude>
    <ClInclude Include="..\Script\Inc\ScriptDrama.h">
      <Filter>Script\inc</Filter>
    </ClInclude>
    <ClInclude Include="..\Script\Inc\ScriptGameLogic.h">
      <Filter>Script\inc</Filter>
    </ClInclude>
    <ClInclude Include="..\Script\Inc\ScriptGlobalEvent.h">
      <Filter>Script\inc</Filter>
    </ClInclude>
    <ClInclude Include="..\Script\Inc\ScriptNetMsg.h">
      <Filter>Script\inc</Filter>
    </ClInclude>
    <ClInclude Include="..\Script\Inc\ScriptTask.h">
      <Filter>Script\inc</Filter>
    </ClInclude>
    <ClInclude Include="..\Script\Inc\ScriptTimer.h">
      <Filter>Script\inc</Filter>
    </ClInclude>
    <ClInclude Include="..\Script\Inc\ScriptUI.h">
      <Filter>Script\inc</Filter>
    </ClInclude>
    <ClInclude Include="..\UICommon\inc\UIEquipItem.h">
      <Filter>UICommon\inc</Filter>
    </ClInclude>
    <ClInclude Include="..\UICommon\inc\UIItemButton.h">
      <Filter>UICommon\inc</Filter>
    </ClInclude>
    <ClInclude Include="..\UICommon\inc\UINpcDlg.h">
      <Filter>UICommon\inc</Filter>
    </ClInclude>
    <ClInclude Include="..\UICommon\inc\UIRoleNode.h">
      <Filter>UICommon\inc</Filter>
    </ClInclude>
    <ClInclude Include="..\UICommon\inc\NDUILoad.h">
      <Filter>UICommon\inc</Filter>
    </ClInclude>
    <ClInclude Include="..\Common\inc\NDMsgDefine.h">
      <Filter>Common\inc</Filter>
    </ClInclude>
  </ItemGroup>
  <ItemGroup>
    <ClCompile Include="..\Battle\src\Battle.cpp">
      <Filter>Battle\src</Filter>
    </ClCompile>
    <ClCompile Include="..\Battle\src\BattleMgr.cpp">
      <Filter>Battle\src</Filter>
    </ClCompile>
    <ClCompile Include="..\Battle\src\BattleSkill.cpp">
      <Filter>Battle\src</Filter>
    </ClCompile>
    <ClCompile Include="..\Battle\src\BattleUtil.cpp">
      <Filter>Battle\src</Filter>
    </ClCompile>
    <ClCompile Include="..\Battle\src\Fighter.cpp">
      <Filter>Battle\src</Filter>
    </ClCompile>
    <ClCompile Include="..\Battle\src\Hurt.cpp">
      <Filter>Battle\src</Filter>
    </ClCompile>
    <ClCompile Include="..\Battle\src\NDEraseInOutEffect.cpp">
      <Filter>Battle\src</Filter>
    </ClCompile>
    <ClCompile Include="..\Battle\src\StatusDialog.cpp">
      <Filter>Battle\src</Filter>
    </ClCompile>
    <ClCompile Include="..\BeforeGame\src\NDBeforeGameMgr.cpp">
      <Filter>BeforeGame\src</Filter>
    </ClCompile>
    <ClCompile Include="..\Chat\src\ChatManager.cpp">
      <Filter>Chat\src</Filter>
    </ClCompile>
    <ClCompile Include="..\Common\src\NDLocalXmlString.cpp">
      <Filter>Common\src</Filter>
    </ClCompile>
    <ClCompile Include="..\Common\src\NDUtility.cpp">
      <Filter>Common\src</Filter>
    </ClCompile>
    <ClCompile Include="..\Drama\src\Drama.cpp">
      <Filter>Drama\src</Filter>
    </ClCompile>
    <ClCompile Include="..\Drama\src\DramaCommand.cpp">
      <Filter>Drama\src</Filter>
    </ClCompile>
    <ClCompile Include="..\Drama\src\DramaCommandBase.cpp">
      <Filter>Drama\src</Filter>
    </ClCompile>
    <ClCompile Include="..\Drama\src\DramaScene.cpp">
      <Filter>Drama\src</Filter>
    </ClCompile>
    <ClCompile Include="..\Drama\src\DramaTransitionScene.cpp">
      <Filter>Drama\src</Filter>
    </ClCompile>
    <ClCompile Include="..\Drama\src\DramaUI.cpp">
      <Filter>Drama\src</Filter>
    </ClCompile>
    <ClCompile Include="..\GameData\src\GameData.cpp">
      <Filter>GameData\src</Filter>
    </ClCompile>
    <ClCompile Include="..\GameData\src\GameDataBase.cpp">
      <Filter>GameData\src</Filter>
    </ClCompile>
    <ClCompile Include="..\GameScene\src\SMBattleScene.cpp">
      <Filter>GameScene\src</Filter>
    </ClCompile>
    <ClCompile Include="..\GameScene\src\SMGameScene.cpp">
      <Filter>GameScene\src</Filter>
    </ClCompile>
    <ClCompile Include="..\GameScene\src\SMLoginScene.cpp">
      <Filter>GameScene\src</Filter>
    </ClCompile>
    <ClCompile Include="..\GameScene\src\WorldMapScene.cpp">
      <Filter>GameScene\src</Filter>
    </ClCompile>
    <ClCompile Include="..\Item\src\ItemImage.cpp">
      <Filter>Item\src</Filter>
    </ClCompile>
    <ClCompile Include="..\Item\src\ItemUtil.cpp">
      <Filter>Item\src</Filter>
    </ClCompile>
    <ClCompile Include="..\Map&amp;Role\src\AnimationList.cpp">
      <Filter>Map&amp;Role\src</Filter>
    </ClCompile>
    <ClCompile Include="..\Map&amp;Role\src\AutoPathTip.cpp">
      <Filter>Map&amp;Role\src</Filter>
    </ClCompile>
    <ClCompile Include="..\Map&amp;Role\src\NDBaseRole.cpp">
      <Filter>Map&amp;Role\src</Filter>
    </ClCompile>
    <ClCompile Include="..\Map&amp;Role\src\NDManualRole.cpp">
      <Filter>Map&amp;Role\src</Filter>
    </ClCompile>
    <ClCompile Include="..\Map&amp;Role\src\NDMapLayerLogic.cpp">
      <Filter>Map&amp;Role\src</Filter>
    </ClCompile>
    <ClCompile Include="..\Map&amp;Role\src\NDMapMgr.cpp">
      <Filter>Map&amp;Role\src</Filter>
    </ClCompile>
    <ClCompile Include="..\Map&amp;Role\src\NDMonster.cpp">
      <Filter>Map&amp;Role\src</Filter>
    </ClCompile>
    <ClCompile Include="..\Map&amp;Role\src\NDNpc.cpp">
      <Filter>Map&amp;Role\src</Filter>
    </ClCompile>
    <ClCompile Include="..\Map&amp;Role\src\NDPlayer.cpp">
      <Filter>Map&amp;Role\src</Filter>
    </ClCompile>
    <ClCompile Include="..\Script\Src\ScriptCommon.cpp">
      <Filter>Script\src</Filter>
    </ClCompile>
    <ClCompile Include="..\Script\Src\ScriptDataBase.cpp">
      <Filter>Script\src</Filter>
    </ClCompile>
    <ClCompile Include="..\Script\Src\ScriptDrama.cpp">
      <Filter>Script\src</Filter>
    </ClCompile>
    <ClCompile Include="..\Script\Src\ScriptGameData.cpp">
      <Filter>Script\src</Filter>
    </ClCompile>
    <ClCompile Include="..\Script\Src\ScriptGameLogic.cpp">
      <Filter>Script\src</Filter>
    </ClCompile>
    <ClCompile Include="..\Script\Src\ScriptGlobalEvent.cpp">
      <Filter>Script\src</Filter>
    </ClCompile>
    <ClCompile Include="..\Script\Src\ScriptNetMsg.cpp">
      <Filter>Script\src</Filter>
    </ClCompile>
    <ClCompile Include="..\Script\Src\ScriptTask.cpp">
      <Filter>Script\src</Filter>
    </ClCompile>
    <ClCompile Include="..\Script\Src\ScriptTimer.cpp">
      <Filter>Script\src</Filter>
    </ClCompile>
    <ClCompile Include="..\Script\Src\ScriptUI.cpp">
      <Filter>Script\src</Filter>
    </ClCompile>
    <ClCompile Include="..\UICommon\src\UIEquipItem.cpp">
      <Filter>UICommon\src</Filter>
    </ClCompile>
    <ClCompile Include="..\UICommon\src\UIItemButton.cpp">
      <Filter>UICommon\src</Filter>
    </ClCompile>
    <ClCompile Include="..\UICommon\src\UINpcDlg.cpp">
      <Filter>UICommon\src</Filter>
    </ClCompile>
    <ClCompile Include="..\UICommon\src\UIRoleNode.cpp">
      <Filter>UICommon\src</Filter>
    </ClCompile>
    <ClCompile Include="..\UICommon\src\NDUILoad.cpp">
      <Filter>UICommon\src</Filter>
    </ClCompile>
  </ItemGroup>
</Project>