
Microsoft Visual Studio Solution File, Format Version 10.00
# Visual Studio 2008
Project("{8BC9CEB8-8B4A-11D0-8D11-00A0C91BC942}") = "libClientEngine", "ClientEngine\proj.win32\libClientEngine.vcproj", "{291566ED-9B58-4403-8EA0-ABFCE1CD9B5E}"
	ProjectSection(ProjectDependencies) = postProject
		{21B2C324-891F-48EA-AD1A-5AE13DE12E28} = {21B2C324-891F-48EA-AD1A-5AE13DE12E28}
		{B84F7231-16CE-41D8-8C08-7B523FF4225B} = {B84F7231-16CE-41D8-8C08-7B523FF4225B}
		{11D35E67-AE09-4886-9B92-D41E86F6BD19} = {11D35E67-AE09-4886-9B92-D41E86F6BD19}
		{98887397-9BCD-4BA6-B391-E1B83A6A009A} = {98887397-9BCD-4BA6-B391-E1B83A6A009A}
		{D7EE6FA2-E113-46BF-8790-4D36602F1F31} = {D7EE6FA2-E113-46BF-8790-4D36602F1F31}
		{98A51BA8-FC3A-415B-AC8F-8C7BD464E93E} = {98A51BA8-FC3A-415B-AC8F-8C7BD464E93E}
		{F8EDD7FA-9A51-4E80-BAEB-860825D2EAC6} = {F8EDD7FA-9A51-4E80-BAEB-860825D2EAC6}
	EndProjectSection
EndProject
Project("{8BC9CEB8-8B4A-11D0-8D11-00A0C91BC942}") = "libClientLogic", "ClientLogic\proj.win32\libClientLogic.vcproj", "{65ACACA8-12E1-4F03-AB45-BA55A91BFD21}"
	ProjectSection(ProjectDependencies) = postProject
		{21B2C324-891F-48EA-AD1A-5AE13DE12E28} = {21B2C324-891F-48EA-AD1A-5AE13DE12E28}
		{002C555C-6FEA-4895-8DC0-901024CFB458} = {002C555C-6FEA-4895-8DC0-901024CFB458}
		{11D35E67-AE09-4886-9B92-D41E86F6BD19} = {11D35E67-AE09-4886-9B92-D41E86F6BD19}
		{0287C976-21E6-477F-960E-DD271E10F084} = {0287C976-21E6-477F-960E-DD271E10F084}
		{98887397-9BCD-4BA6-B391-E1B83A6A009A} = {98887397-9BCD-4BA6-B391-E1B83A6A009A}
		{D7EE6FA2-E113-46BF-8790-4D36602F1F31} = {D7EE6FA2-E113-46BF-8790-4D36602F1F31}
		{98A51BA8-FC3A-415B-AC8F-8C7BD464E93E} = {98A51BA8-FC3A-415B-AC8F-8C7BD464E93E}
		{291566ED-9B58-4403-8EA0-ABFCE1CD9B5E} = {291566ED-9B58-4403-8EA0-ABFCE1CD9B5E}
		{F8EDD7FA-9A51-4E80-BAEB-860825D2EAC6} = {F8EDD7FA-9A51-4E80-BAEB-860825D2EAC6}
	EndProjectSection
EndProject
Project("{8BC9CEB8-8B4A-11D0-8D11-00A0C91BC942}") = "NetWork", "NetWork\proj.win32\NetWork.vcproj", "{002C555C-6FEA-4895-8DC0-901024CFB458}"
EndProject
Project("{8BC9CEB8-8B4A-11D0-8D11-00A0C91BC942}") = "ClientLancher", "ClientLancher\proj.win32\ClientLancher.vcproj", "{A14F9395-563B-4B76-8730-DCB0BF9B2FB1}"
	ProjectSection(ProjectDependencies) = postProject
		{21B2C324-891F-48EA-AD1A-5AE13DE12E28} = {21B2C324-891F-48EA-AD1A-5AE13DE12E28}
		{002C555C-6FEA-4895-8DC0-901024CFB458} = {002C555C-6FEA-4895-8DC0-901024CFB458}
		{11D35E67-AE09-4886-9B92-D41E86F6BD19} = {11D35E67-AE09-4886-9B92-D41E86F6BD19}
		{98887397-9BCD-4BA6-B391-E1B83A6A009A} = {98887397-9BCD-4BA6-B391-E1B83A6A009A}
		{D7EE6FA2-E113-46BF-8790-4D36602F1F31} = {D7EE6FA2-E113-46BF-8790-4D36602F1F31}
		{98A51BA8-FC3A-415B-AC8F-8C7BD464E93E} = {98A51BA8-FC3A-415B-AC8F-8C7BD464E93E}
		{65ACACA8-12E1-4F03-AB45-BA55A91BFD21} = {65ACACA8-12E1-4F03-AB45-BA55A91BFD21}
		{291566ED-9B58-4403-8EA0-ABFCE1CD9B5E} = {291566ED-9B58-4403-8EA0-ABFCE1CD9B5E}
		{F8EDD7FA-9A51-4E80-BAEB-860825D2EAC6} = {F8EDD7FA-9A51-4E80-BAEB-860825D2EAC6}
	EndProjectSection
EndProject
Project("{8BC9CEB8-8B4A-11D0-8D11-00A0C91BC942}") = "TinyXML", "TinyXML\proj.win32\TinyXML.vcproj", "{98887397-9BCD-4BA6-B391-E1B83A6A009A}"
EndProject
Project("{8BC9CEB8-8B4A-11D0-8D11-00A0C91BC942}") = "libLuaPlus", "LuaPlus\proj.win32\libLuaPlus.vcproj", "{11D35E67-AE09-4886-9B92-D41E86F6BD19}"
EndProject
Project("{8BC9CEB8-8B4A-11D0-8D11-00A0C91BC942}") = "pthread", "pthreads\pthread.vcproj", "{D7EE6FA2-E113-46BF-8790-4D36602F1F31}"
EndProject
Project("{8BC9CEB8-8B4A-11D0-8D11-00A0C91BC942}") = "libcocos2d", "cocos2d-x\cocos2dx\proj.win32\cocos2d.vcproj", "{98A51BA8-FC3A-415B-AC8F-8C7BD464E93E}"
	ProjectSection(ProjectDependencies) = postProject
		{21B2C324-891F-48EA-AD1A-5AE13DE12E28} = {21B2C324-891F-48EA-AD1A-5AE13DE12E28}
		{11D35E67-AE09-4886-9B92-D41E86F6BD19} = {11D35E67-AE09-4886-9B92-D41E86F6BD19}
		{98887397-9BCD-4BA6-B391-E1B83A6A009A} = {98887397-9BCD-4BA6-B391-E1B83A6A009A}
		{D7EE6FA2-E113-46BF-8790-4D36602F1F31} = {D7EE6FA2-E113-46BF-8790-4D36602F1F31}
		{F8EDD7FA-9A51-4E80-BAEB-860825D2EAC6} = {F8EDD7FA-9A51-4E80-BAEB-860825D2EAC6}
	EndProjectSection
EndProject
Project("{8BC9CEB8-8B4A-11D0-8D11-00A0C91BC942}") = "libCocosDenshion", "cocos2d-x\CocosDenshion\proj.win32\CocosDenshion.vcproj", "{F8EDD7FA-9A51-4E80-BAEB-860825D2EAC6}"
EndProject
Project("{8BC9CEB8-8B4A-11D0-8D11-00A0C91BC942}") = "libExtensions", "cocos2d-x\extensions\proj.win32\libExtensions.vcproj", "{21B2C324-891F-48EA-AD1A-5AE13DE12E28}"
EndProject
Project("{8BC9CEB8-8B4A-11D0-8D11-00A0C91BC942}") = "zLuaScriptPrj", "LuaScriptPrj\LuaScriptPrj.vcproj", "{8A741657-F98D-4EC3-8C1D-8AC97ADF21BD}"
EndProject
Project("{2150E333-8FDC-42A3-9474-1A3956D46DE8}") = "proj.android", "proj.android", "{E5FCE131-AE84-46B3-805C-10DF78544913}"
EndProject
Project("{8BC9CEB8-8B4A-11D0-8D11-00A0C91BC942}") = "Android_ClientLancher", "proj.android\Android_ClientLancher\Android_ClientLancher.vcproj", "{C4F9C455-B9A0-4597-9562-4D64F6DDE978}"
EndProject
Project("{8BC9CEB8-8B4A-11D0-8D11-00A0C91BC942}") = "Android_ClientLogic", "proj.android\Android_ClientLogic\Android_ClientLogic.vcproj", "{DC5CBD0F-EDF3-425C-B042-D2891B44FF57}"
EndProject
Project("{8BC9CEB8-8B4A-11D0-8D11-00A0C91BC942}") = "Android_ClientEngine", "proj.android\Android_ClientEngine\Android_ClientEngine.vcproj", "{27D5CCE5-E0F1-4175-A9B6-C78FD39A00D1}"
EndProject
Project("{8BC9CEB8-8B4A-11D0-8D11-00A0C91BC942}") = "cocos2d-x_platform_android", "cocos2d-x_platform_android\cocos2d-x_platform_android.vcproj", "{1F474F7C-B0EC-4A87-B1C8-89FC649103B8}"
EndProject
Project("{2150E333-8FDC-42A3-9474-1A3956D46DE8}") = "more mk", "more mk", "{0A4E712C-224D-4099-B940-36B43DE1112B}"
	ProjectSection(SolutionItems) = preProject
		Android.mk = Android.mk
		libiconv\proj.android\jni\Android.mk = libiconv\proj.android\jni\Android.mk
		cocos2d-x\CocosDenshion\android\Android.mk = cocos2d-x\CocosDenshion\android\Android.mk
	EndProjectSection
EndProject
Project("{8BC9CEB8-8B4A-11D0-8D11-00A0C91BC942}") = "libSQLite3", "SQLite3\proj.win32\libSQLite3.vcproj", "{0287C976-21E6-477F-960E-DD271E10F084}"
EndProject
Project("{8BC9CEB8-8B4A-11D0-8D11-00A0C91BC942}") = "Android_CocosDenshion", "cocos2d-x\CocosDenshion\android\vcproj\Android_CocosDenshion.vcproj", "{0DDBECDC-DA66-41C2-80AA-5E90439CA5B4}"
EndProject
Project("{8BC9CEB8-8B4A-11D0-8D11-00A0C91BC942}") = "libJson", "Json\proj.win32\libJson.vcproj", "{B84F7231-16CE-41D8-8C08-7B523FF4225B}"
EndProject
Project("{2150E333-8FDC-42A3-9474-1A3956D46DE8}") = "proj.ios", "proj.ios", "{4171F7C6-8D13-45F3-B595-32A2800D1813}"
EndProject
Project("{8BC9CEB8-8B4A-11D0-8D11-00A0C91BC942}") = "cocos2d-x_platform_ios", "proj.ios\cocos2d-x_platform_ios\cocos2d-x_platform_ios.vcproj", "{23599E06-F018-4AC1-A1B7-8BDBBDB47A2F}"
EndProject
Project("{8BC9CEB8-8B4A-11D0-8D11-00A0C91BC942}") = "ClientLancher_proj.ios_dhlj", "proj.ios\ios_ClientLancher\ios_ClientLancher.vcproj", "{C795AA2F-B9DE-415F-BAD6-D9B1E66B7A5F}"
EndProject
Project("{8BC9CEB8-8B4A-11D0-8D11-00A0C91BC942}") = "cocos2d-x_platform_mac", "proj.ios\cocos2d-x_platform_mac\cocos2d-x_platform_mac.vcproj", "{3190A30F-8D5D-4019-BF2C-A1D3900BCFD5}"
EndProject
Global
	GlobalSection(SolutionConfigurationPlatforms) = preSolution
		Debug|Win32 = Debug|Win32
		dummy|Win32 = dummy|Win32
		Release|Win32 = Release|Win32
	EndGlobalSection
	GlobalSection(ProjectConfigurationPlatforms) = postSolution
		{291566ED-9B58-4403-8EA0-ABFCE1CD9B5E}.Debug|Win32.ActiveCfg = Debug|Win32
		{291566ED-9B58-4403-8EA0-ABFCE1CD9B5E}.Debug|Win32.Build.0 = Debug|Win32
		{291566ED-9B58-4403-8EA0-ABFCE1CD9B5E}.dummy|Win32.ActiveCfg = Debug|Win32
		{291566ED-9B58-4403-8EA0-ABFCE1CD9B5E}.dummy|Win32.Build.0 = Debug|Win32
		{291566ED-9B58-4403-8EA0-ABFCE1CD9B5E}.Release|Win32.ActiveCfg = Release|Win32
		{291566ED-9B58-4403-8EA0-ABFCE1CD9B5E}.Release|Win32.Build.0 = Release|Win32
		{65ACACA8-12E1-4F03-AB45-BA55A91BFD21}.Debug|Win32.ActiveCfg = Debug|Win32
		{65ACACA8-12E1-4F03-AB45-BA55A91BFD21}.Debug|Win32.Build.0 = Debug|Win32
		{65ACACA8-12E1-4F03-AB45-BA55A91BFD21}.dummy|Win32.ActiveCfg = Debug|Win32
		{65ACACA8-12E1-4F03-AB45-BA55A91BFD21}.dummy|Win32.Build.0 = Debug|Win32
		{65ACACA8-12E1-4F03-AB45-BA55A91BFD21}.Release|Win32.ActiveCfg = Release|Win32
		{65ACACA8-12E1-4F03-AB45-BA55A91BFD21}.Release|Win32.Build.0 = Release|Win32
		{002C555C-6FEA-4895-8DC0-901024CFB458}.Debug|Win32.ActiveCfg = Debug|Win32
		{002C555C-6FEA-4895-8DC0-901024CFB458}.Debug|Win32.Build.0 = Debug|Win32
		{002C555C-6FEA-4895-8DC0-901024CFB458}.dummy|Win32.ActiveCfg = Debug|Win32
		{002C555C-6FEA-4895-8DC0-901024CFB458}.dummy|Win32.Build.0 = Debug|Win32
		{002C555C-6FEA-4895-8DC0-901024CFB458}.Release|Win32.ActiveCfg = Release|Win32
		{002C555C-6FEA-4895-8DC0-901024CFB458}.Release|Win32.Build.0 = Release|Win32
		{A14F9395-563B-4B76-8730-DCB0BF9B2FB1}.Debug|Win32.ActiveCfg = Debug|Win32
		{A14F9395-563B-4B76-8730-DCB0BF9B2FB1}.Debug|Win32.Build.0 = Debug|Win32
		{A14F9395-563B-4B76-8730-DCB0BF9B2FB1}.dummy|Win32.ActiveCfg = Debug|Win32
		{A14F9395-563B-4B76-8730-DCB0BF9B2FB1}.dummy|Win32.Build.0 = Debug|Win32
		{A14F9395-563B-4B76-8730-DCB0BF9B2FB1}.Release|Win32.ActiveCfg = Release|Win32
		{A14F9395-563B-4B76-8730-DCB0BF9B2FB1}.Release|Win32.Build.0 = Release|Win32
		{98887397-9BCD-4BA6-B391-E1B83A6A009A}.Debug|Win32.ActiveCfg = Debug|Win32
		{98887397-9BCD-4BA6-B391-E1B83A6A009A}.Debug|Win32.Build.0 = Debug|Win32
		{98887397-9BCD-4BA6-B391-E1B83A6A009A}.dummy|Win32.ActiveCfg = Debug|Win32
		{98887397-9BCD-4BA6-B391-E1B83A6A009A}.dummy|Win32.Build.0 = Debug|Win32
		{98887397-9BCD-4BA6-B391-E1B83A6A009A}.Release|Win32.ActiveCfg = Release|Win32
		{98887397-9BCD-4BA6-B391-E1B83A6A009A}.Release|Win32.Build.0 = Release|Win32
		{11D35E67-AE09-4886-9B92-D41E86F6BD19}.Debug|Win32.ActiveCfg = Debug|Win32
		{11D35E67-AE09-4886-9B92-D41E86F6BD19}.Debug|Win32.Build.0 = Debug|Win32
		{11D35E67-AE09-4886-9B92-D41E86F6BD19}.dummy|Win32.ActiveCfg = Debug|Win32
		{11D35E67-AE09-4886-9B92-D41E86F6BD19}.dummy|Win32.Build.0 = Debug|Win32
		{11D35E67-AE09-4886-9B92-D41E86F6BD19}.Release|Win32.ActiveCfg = Release|Win32
		{11D35E67-AE09-4886-9B92-D41E86F6BD19}.Release|Win32.Build.0 = Release|Win32
		{D7EE6FA2-E113-46BF-8790-4D36602F1F31}.Debug|Win32.ActiveCfg = Debug|Win32
		{D7EE6FA2-E113-46BF-8790-4D36602F1F31}.Debug|Win32.Build.0 = Debug|Win32
		{D7EE6FA2-E113-46BF-8790-4D36602F1F31}.dummy|Win32.ActiveCfg = Debug|Win32
		{D7EE6FA2-E113-46BF-8790-4D36602F1F31}.dummy|Win32.Build.0 = Debug|Win32
		{D7EE6FA2-E113-46BF-8790-4D36602F1F31}.Release|Win32.ActiveCfg = Release|Win32
		{D7EE6FA2-E113-46BF-8790-4D36602F1F31}.Release|Win32.Build.0 = Release|Win32
		{98A51BA8-FC3A-415B-AC8F-8C7BD464E93E}.Debug|Win32.ActiveCfg = Debug|Win32
		{98A51BA8-FC3A-415B-AC8F-8C7BD464E93E}.Debug|Win32.Build.0 = Debug|Win32
		{98A51BA8-FC3A-415B-AC8F-8C7BD464E93E}.dummy|Win32.ActiveCfg = Debug|Win32
		{98A51BA8-FC3A-415B-AC8F-8C7BD464E93E}.dummy|Win32.Build.0 = Debug|Win32
		{98A51BA8-FC3A-415B-AC8F-8C7BD464E93E}.Release|Win32.ActiveCfg = Release|Win32
		{98A51BA8-FC3A-415B-AC8F-8C7BD464E93E}.Release|Win32.Build.0 = Release|Win32
		{F8EDD7FA-9A51-4E80-BAEB-860825D2EAC6}.Debug|Win32.ActiveCfg = Debug|Win32
		{F8EDD7FA-9A51-4E80-BAEB-860825D2EAC6}.Debug|Win32.Build.0 = Debug|Win32
		{F8EDD7FA-9A51-4E80-BAEB-860825D2EAC6}.dummy|Win32.ActiveCfg = Debug|Win32
		{F8EDD7FA-9A51-4E80-BAEB-860825D2EAC6}.dummy|Win32.Build.0 = Debug|Win32
		{F8EDD7FA-9A51-4E80-BAEB-860825D2EAC6}.Release|Win32.ActiveCfg = Release|Win32
		{F8EDD7FA-9A51-4E80-BAEB-860825D2EAC6}.Release|Win32.Build.0 = Release|Win32
		{21B2C324-891F-48EA-AD1A-5AE13DE12E28}.Debug|Win32.ActiveCfg = Debug|Win32
		{21B2C324-891F-48EA-AD1A-5AE13DE12E28}.Debug|Win32.Build.0 = Debug|Win32
		{21B2C324-891F-48EA-AD1A-5AE13DE12E28}.dummy|Win32.ActiveCfg = Debug|Win32
		{21B2C324-891F-48EA-AD1A-5AE13DE12E28}.dummy|Win32.Build.0 = Debug|Win32
		{21B2C324-891F-48EA-AD1A-5AE13DE12E28}.Release|Win32.ActiveCfg = Release|Win32
		{21B2C324-891F-48EA-AD1A-5AE13DE12E28}.Release|Win32.Build.0 = Release|Win32
		{8A741657-F98D-4EC3-8C1D-8AC97ADF21BD}.Debug|Win32.ActiveCfg = Debug|Win32
		{8A741657-F98D-4EC3-8C1D-8AC97ADF21BD}.Debug|Win32.Build.0 = Debug|Win32
		{8A741657-F98D-4EC3-8C1D-8AC97ADF21BD}.dummy|Win32.ActiveCfg = Debug|Win32
		{8A741657-F98D-4EC3-8C1D-8AC97ADF21BD}.dummy|Win32.Build.0 = Debug|Win32
		{8A741657-F98D-4EC3-8C1D-8AC97ADF21BD}.Release|Win32.ActiveCfg = Release|Win32
		{8A741657-F98D-4EC3-8C1D-8AC97ADF21BD}.Release|Win32.Build.0 = Release|Win32
		{C4F9C455-B9A0-4597-9562-4D64F6DDE978}.Debug|Win32.ActiveCfg = Debug|Win32
		{C4F9C455-B9A0-4597-9562-4D64F6DDE978}.Debug|Win32.Build.0 = Debug|Win32
		{C4F9C455-B9A0-4597-9562-4D64F6DDE978}.dummy|Win32.ActiveCfg = Debug|Win32
		{C4F9C455-B9A0-4597-9562-4D64F6DDE978}.dummy|Win32.Build.0 = Debug|Win32
		{C4F9C455-B9A0-4597-9562-4D64F6DDE978}.Release|Win32.ActiveCfg = Release|Win32
		{C4F9C455-B9A0-4597-9562-4D64F6DDE978}.Release|Win32.Build.0 = Release|Win32
		{DC5CBD0F-EDF3-425C-B042-D2891B44FF57}.Debug|Win32.ActiveCfg = Debug|Win32
		{DC5CBD0F-EDF3-425C-B042-D2891B44FF57}.Debug|Win32.Build.0 = Debug|Win32
		{DC5CBD0F-EDF3-425C-B042-D2891B44FF57}.dummy|Win32.ActiveCfg = Debug|Win32
		{DC5CBD0F-EDF3-425C-B042-D2891B44FF57}.dummy|Win32.Build.0 = Debug|Win32
		{DC5CBD0F-EDF3-425C-B042-D2891B44FF57}.Release|Win32.ActiveCfg = Release|Win32
		{DC5CBD0F-EDF3-425C-B042-D2891B44FF57}.Release|Win32.Build.0 = Release|Win32
		{27D5CCE5-E0F1-4175-A9B6-C78FD39A00D1}.Debug|Win32.ActiveCfg = Debug|Win32
		{27D5CCE5-E0F1-4175-A9B6-C78FD39A00D1}.Debug|Win32.Build.0 = Debug|Win32
		{27D5CCE5-E0F1-4175-A9B6-C78FD39A00D1}.dummy|Win32.ActiveCfg = Debug|Win32
		{27D5CCE5-E0F1-4175-A9B6-C78FD39A00D1}.dummy|Win32.Build.0 = Debug|Win32
		{27D5CCE5-E0F1-4175-A9B6-C78FD39A00D1}.Release|Win32.ActiveCfg = Release|Win32
		{27D5CCE5-E0F1-4175-A9B6-C78FD39A00D1}.Release|Win32.Build.0 = Release|Win32
		{1F474F7C-B0EC-4A87-B1C8-89FC649103B8}.Debug|Win32.ActiveCfg = Debug|Win32
		{1F474F7C-B0EC-4A87-B1C8-89FC649103B8}.Debug|Win32.Build.0 = Debug|Win32
		{1F474F7C-B0EC-4A87-B1C8-89FC649103B8}.dummy|Win32.ActiveCfg = Debug|Win32
		{1F474F7C-B0EC-4A87-B1C8-89FC649103B8}.dummy|Win32.Build.0 = Debug|Win32
		{1F474F7C-B0EC-4A87-B1C8-89FC649103B8}.Release|Win32.ActiveCfg = Release|Win32
		{1F474F7C-B0EC-4A87-B1C8-89FC649103B8}.Release|Win32.Build.0 = Release|Win32
		{0287C976-21E6-477F-960E-DD271E10F084}.Debug|Win32.ActiveCfg = Debug|Win32
		{0287C976-21E6-477F-960E-DD271E10F084}.Debug|Win32.Build.0 = Debug|Win32
		{0287C976-21E6-477F-960E-DD271E10F084}.dummy|Win32.ActiveCfg = Debug|Win32
		{0287C976-21E6-477F-960E-DD271E10F084}.dummy|Win32.Build.0 = Debug|Win32
		{0287C976-21E6-477F-960E-DD271E10F084}.Release|Win32.ActiveCfg = Release|Win32
		{0287C976-21E6-477F-960E-DD271E10F084}.Release|Win32.Build.0 = Release|Win32
		{0DDBECDC-DA66-41C2-80AA-5E90439CA5B4}.Debug|Win32.ActiveCfg = Debug|Win32
		{0DDBECDC-DA66-41C2-80AA-5E90439CA5B4}.Debug|Win32.Build.0 = Debug|Win32
		{0DDBECDC-DA66-41C2-80AA-5E90439CA5B4}.dummy|Win32.ActiveCfg = Debug|Win32
		{0DDBECDC-DA66-41C2-80AA-5E90439CA5B4}.dummy|Win32.Build.0 = Debug|Win32
		{0DDBECDC-DA66-41C2-80AA-5E90439CA5B4}.Release|Win32.ActiveCfg = Release|Win32
		{0DDBECDC-DA66-41C2-80AA-5E90439CA5B4}.Release|Win32.Build.0 = Release|Win32
		{B84F7231-16CE-41D8-8C08-7B523FF4225B}.Debug|Win32.ActiveCfg = Debug|Win32
		{B84F7231-16CE-41D8-8C08-7B523FF4225B}.Debug|Win32.Build.0 = Debug|Win32
		{B84F7231-16CE-41D8-8C08-7B523FF4225B}.dummy|Win32.ActiveCfg = dummy|Win32
		{B84F7231-16CE-41D8-8C08-7B523FF4225B}.dummy|Win32.Build.0 = dummy|Win32
		{B84F7231-16CE-41D8-8C08-7B523FF4225B}.Release|Win32.ActiveCfg = Release|Win32
		{B84F7231-16CE-41D8-8C08-7B523FF4225B}.Release|Win32.Build.0 = Release|Win32
		{23599E06-F018-4AC1-A1B7-8BDBBDB47A2F}.Debug|Win32.ActiveCfg = Debug|Win32
		{23599E06-F018-4AC1-A1B7-8BDBBDB47A2F}.Debug|Win32.Build.0 = Debug|Win32
		{23599E06-F018-4AC1-A1B7-8BDBBDB47A2F}.dummy|Win32.ActiveCfg = Debug|Win32
		{23599E06-F018-4AC1-A1B7-8BDBBDB47A2F}.dummy|Win32.Build.0 = Debug|Win32
		{23599E06-F018-4AC1-A1B7-8BDBBDB47A2F}.Release|Win32.ActiveCfg = Release|Win32
		{23599E06-F018-4AC1-A1B7-8BDBBDB47A2F}.Release|Win32.Build.0 = Release|Win32
		{C795AA2F-B9DE-415F-BAD6-D9B1E66B7A5F}.Debug|Win32.ActiveCfg = Debug|Win32
		{C795AA2F-B9DE-415F-BAD6-D9B1E66B7A5F}.Debug|Win32.Build.0 = Debug|Win32
		{C795AA2F-B9DE-415F-BAD6-D9B1E66B7A5F}.dummy|Win32.ActiveCfg = Debug|Win32
		{C795AA2F-B9DE-415F-BAD6-D9B1E66B7A5F}.dummy|Win32.Build.0 = Debug|Win32
		{C795AA2F-B9DE-415F-BAD6-D9B1E66B7A5F}.Release|Win32.ActiveCfg = Release|Win32
		{C795AA2F-B9DE-415F-BAD6-D9B1E66B7A5F}.Release|Win32.Build.0 = Release|Win32
		{3190A30F-8D5D-4019-BF2C-A1D3900BCFD5}.Debug|Win32.ActiveCfg = Debug|Win32
		{3190A30F-8D5D-4019-BF2C-A1D3900BCFD5}.Debug|Win32.Build.0 = Debug|Win32
		{3190A30F-8D5D-4019-BF2C-A1D3900BCFD5}.dummy|Win32.ActiveCfg = Debug|Win32
		{3190A30F-8D5D-4019-BF2C-A1D3900BCFD5}.dummy|Win32.Build.0 = Debug|Win32
		{3190A30F-8D5D-4019-BF2C-A1D3900BCFD5}.Release|Win32.ActiveCfg = Release|Win32
		{3190A30F-8D5D-4019-BF2C-A1D3900BCFD5}.Release|Win32.Build.0 = Release|Win32
	EndGlobalSection
	GlobalSection(SolutionProperties) = preSolution
		HideSolutionNode = FALSE
	EndGlobalSection
	GlobalSection(NestedProjects) = preSolution
		{C4F9C455-B9A0-4597-9562-4D64F6DDE978} = {E5FCE131-AE84-46B3-805C-10DF78544913}
		{DC5CBD0F-EDF3-425C-B042-D2891B44FF57} = {E5FCE131-AE84-46B3-805C-10DF78544913}
		{27D5CCE5-E0F1-4175-A9B6-C78FD39A00D1} = {E5FCE131-AE84-46B3-805C-10DF78544913}
		{1F474F7C-B0EC-4A87-B1C8-89FC649103B8} = {E5FCE131-AE84-46B3-805C-10DF78544913}
		{0A4E712C-224D-4099-B940-36B43DE1112B} = {E5FCE131-AE84-46B3-805C-10DF78544913}
		{0DDBECDC-DA66-41C2-80AA-5E90439CA5B4} = {E5FCE131-AE84-46B3-805C-10DF78544913}
		{23599E06-F018-4AC1-A1B7-8BDBBDB47A2F} = {4171F7C6-8D13-45F3-B595-32A2800D1813}
		{C795AA2F-B9DE-415F-BAD6-D9B1E66B7A5F} = {4171F7C6-8D13-45F3-B595-32A2800D1813}
		{3190A30F-8D5D-4019-BF2C-A1D3900BCFD5} = {4171F7C6-8D13-45F3-B595-32A2800D1813}
	EndGlobalSection
EndGlobal
